
Microsoft Visual Studio Solution File, Format Version 12.00
# Visual Studio Version 16
VisualStudioVersion = 16.0.31402.337
MinimumVisualStudioVersion = 10.0.40219.1
Project("{FAE04EC0-301F-11D3-BF4B-00C04F79EFBC}") = "AbaoutMiddleware", "AbaoutMiddleware\AbaoutMiddleware.csproj", "{A970EBD5-F89C-45B2-A722-2E8FF86B4408}"
EndProject
Global
	GlobalSection(SolutionConfigurationPlatforms) = preSolution
		Debug|Any CPU = Debug|Any CPU
		Release|Any CPU = Release|Any CPU
	EndGlobalSection
	GlobalSection(ProjectConfigurationPlatforms) = postSolution
		{A970EBD5-F89C-45B2-A722-2E8FF86B4408}.Debug|Any CPU.ActiveCfg = Debug|Any CPU
		{A970EBD5-F89C-45B2-A722-2E8FF86B4408}.Debug|Any CPU.Build.0 = Debug|Any CPU
		{A970EBD5-F89C-45B2-A722-2E8FF86B4408}.Release|Any CPU.ActiveCfg = Release|Any CPU
		{A970EBD5-F89C-45B2-A722-2E8FF86B4408}.Release|Any CPU.Build.0 = Release|Any CPU
	EndGlobalSection
	GlobalSection(SolutionProperties) = preSolution
		HideSolutionNode = FALSE
	EndGlobalSection
	GlobalSection(ExtensibilityGlobals) = postSolution
		SolutionGuid = {831F88BE-4970-44BE-836C-B7A8456C57B5}
	EndGlobalSection
EndGlobal
